
Microsoft Visual Studio Solution File, Format Version 12.00
# Visual Studio Version 17
VisualStudioVersion = 17.4.33213.308
MinimumVisualStudioVersion = 10.0.40219.1
Project("{FAE04EC0-301F-11D3-BF4B-00C04F79EFBC}") = "DeloitteServerSide", "DeloitteServerSide.csproj", "{72E4FA77-ED50-4643-8F95-786DEF254115}"
EndProject
Global
	GlobalSection(SolutionConfigurationPlatforms) = preSolution
		Debug|Any CPU = Debug|Any CPU
		Release|Any CPU = Release|Any CPU
	EndGlobalSection
	GlobalSection(ProjectConfigurationPlatforms) = postSolution
		{72E4FA77-ED50-4643-8F95-786DEF254115}.Debug|Any CPU.ActiveCfg = Debug|Any CPU
		{72E4FA77-ED50-4643-8F95-786DEF254115}.Debug|Any CPU.Build.0 = Debug|Any CPU
		{72E4FA77-ED50-4643-8F95-786DEF254115}.Release|Any CPU.ActiveCfg = Release|Any CPU
		{72E4FA77-ED50-4643-8F95-786DEF254115}.Release|Any CPU.Build.0 = Release|Any CPU
	EndGlobalSection
	GlobalSection(SolutionProperties) = preSolution
		HideSolutionNode = FALSE
	EndGlobalSection
	GlobalSection(ExtensibilityGlobals) = postSolution
		SolutionGuid = {36D7AA28-E8FE-447A-B585-DF653355F154}
	EndGlobalSection
EndGlobal
